// !$*UTF8*$!
{
	archiveVersion = 1;
	classes = {
	};
	objectVersion = 46;
	objects = {

/* Begin PBXBuildFile section */
		9A75C9A91DD1BA5A00D29594 /* AppDelegate.m in Sources */ = {isa = PBXBuildFile; fileRef = 9A75C9A11DD1BA5A00D29594 /* AppDelegate.m */; };
		9A75C9AA1DD1BA5A00D29594 /* Assets.xcassets in Resources */ = {isa = PBXBuildFile; fileRef = 9A75C9A21DD1BA5A00D29594 /* Assets.xcassets */; };
		9A75C9AB1DD1BA5A00D29594 /* AssistiveTouch.m in Sources */ = {isa = PBXBuildFile; fileRef = 9A75C9A41DD1BA5A00D29594 /* AssistiveTouch.m */; };
		9A75C9AD1DD1BA5A00D29594 /* main.m in Sources */ = {isa = PBXBuildFile; fileRef = 9A75C9A61DD1BA5A00D29594 /* main.m */; };
		9A75C9AE1DD1BA5A00D29594 /* ViewController.m in Sources */ = {isa = PBXBuildFile; fileRef = 9A75C9A81DD1BA5A00D29594 /* ViewController.m */; };
		9A75C9BA1DD1BAF300D29594 /* LaunchScreen.storyboard in Resources */ = {isa = PBXBuildFile; fileRef = 9A75C9B61DD1BAF300D29594 /* LaunchScreen.storyboard */; };
		9A75C9BB1DD1BAF300D29594 /* Main.storyboard in Resources */ = {isa = PBXBuildFile; fileRef = 9A75C9B81DD1BAF300D29594 /* Main.storyboard */; };
		9A75C9BF1DD1BB7700D29594 /* Info.plist in Resources */ = {isa = PBXBuildFile; fileRef = 9A75C9BE1DD1BB7700D29594 /* Info.plist */; };
/* End PBXBuildFile section */

/* Begin PBXFileReference section */
		9A75C9831DD1B14200D29594 /* AssistiveTouchDemo.app */ = {isa = PBXFileReference; explicitFileType = wrapper.application; includeInIndex = 0; path = AssistiveTouchDemo.app; sourceTree = BUILT_PRODUCTS_DIR; };
		9A75C9A01DD1BA5A00D29594 /* AppDelegate.h */ = {isa = PBXFileReference; fileEncoding = 4; lastKnownFileType = sourcecode.c.h; name = AppDelegate.h; path = AssistiveTouchDemo/AppDelegate.h; sourceTree = SOURCE_ROOT; };
		9A75C9A11DD1BA5A00D29594 /* AppDelegate.m */ = {isa = PBXFileReference; fileEncoding = 4; lastKnownFileType = sourcecode.c.objc; name = AppDelegate.m; path = AssistiveTouchDemo/AppDelegate.m; sourceTree = SOURCE_ROOT; };
		9A75C9A21DD1BA5A00D29594 /* Assets.xcassets */ = {isa = PBXFileReference; lastKnownFileType = folder.assetcatalog; name = Assets.xcassets; path = AssistiveTouchDemo/Assets.xcassets; sourceTree = SOURCE_ROOT; };
		9A75C9A31DD1BA5A00D29594 /* AssistiveTouch.h */ = {isa = PBXFileReference; fileEncoding = 4; lastKnownFileType = sourcecode.c.h; name = AssistiveTouch.h; path = AssistiveTouchDemo/AssistiveTouch.h; sourceTree = SOURCE_ROOT; };
		9A75C9A41DD1BA5A00D29594 /* AssistiveTouch.m */ = {isa = PBXFileReference; fileEncoding = 4; lastKnownFileType = sourcecode.c.objc; name = AssistiveTouch.m; path = AssistiveTouchDemo/AssistiveTouch.m; sourceTree = SOURCE_ROOT; };
		9A75C9A61DD1BA5A00D29594 /* main.m */ = {isa = PBXFileReference; fileEncoding = 4; lastKnownFileType = sourcecode.c.objc; name = main.m; path = AssistiveTouchDemo/main.m; sourceTree = SOURCE_ROOT; };
		9A75C9A71DD1BA5A00D29594 /* ViewController.h */ = {isa = PBXFileReference; fileEncoding = 4; lastKnownFileType = sourcecode.c.h; name = ViewController.h; path = AssistiveTouchDemo/ViewController.h; sourceTree = SOURCE_ROOT; };
		9A75C9A81DD1BA5A00D29594 /* ViewController.m */ = {isa = PBXFileReference; fileEncoding = 4; lastKnownFileType = sourcecode.c.objc; name = ViewController.m; path = AssistiveTouchDemo/ViewController.m; sourceTree = SOURCE_ROOT; };
		9A75C9B71DD1BAF300D29594 /* Base */ = {isa = PBXFileReference; lastKnownFileType = file.storyboard; name = Base; path = AssistiveTouchDemo/Base.lproj/LaunchScreen.storyboard; sourceTree = SOURCE_ROOT; };
		9A75C9B91DD1BAF300D29594 /* Base */ = {isa = PBXFileReference; lastKnownFileType = file.storyboard; name = Base; path = AssistiveTouchDemo/Base.lproj/Main.storyboard; sourceTree = SOURCE_ROOT; };
		9A75C9BE1DD1BB7700D29594 /* Info.plist */ = {isa = PBXFileReference; fileEncoding = 4; lastKnownFileType = text.plist.xml; name = Info.plist; path = AssistiveTouchDemo/Info.plist; sourceTree = SOURCE_ROOT; };
/* End PBXFileReference section */

/* Begin PBXFrameworksBuildPhase section */
		9A75C9801DD1B14200D29594 /* Frameworks */ = {
			isa = PBXFrameworksBuildPhase;
			buildActionMask = 2147483647;
			files = (
			);
			runOnlyForDeploymentPostprocessing = 0;
		};
/* End PBXFrameworksBuildPhase section */

/* Begin PBXGroup section */
		9A75C97A1DD1B14200D29594 = {
			isa = PBXGroup;
			children = (
				9A75C9851DD1B14200D29594 /* AssistiveTouchDemo */,
				9A75C9841DD1B14200D29594 /* Products */,
			);
			sourceTree = "<group>";
		};
		9A75C9841DD1B14200D29594 /* Products */ = {
			isa = PBXGroup;
			children = (
				9A75C9831DD1B14200D29594 /* AssistiveTouchDemo.app */,
			);
			name = Products;
			sourceTree = "<group>";
		};
		9A75C9851DD1B14200D29594 /* AssistiveTouchDemo */ = {
			isa = PBXGroup;
			children = (
				9A75C9A01DD1BA5A00D29594 /* AppDelegate.h */,
				9A75C9A11DD1BA5A00D29594 /* AppDelegate.m */,
				9A75C9A21DD1BA5A00D29594 /* Assets.xcassets */,
				9A75C9A31DD1BA5A00D29594 /* AssistiveTouch.h */,
				9A75C9A41DD1BA5A00D29594 /* AssistiveTouch.m */,
				9A75C9A71DD1BA5A00D29594 /* ViewController.h */,
				9A75C9A81DD1BA5A00D29594 /* ViewController.m */,
				9A75C9BE1DD1BB7700D29594 /* Info.plist */,
				9A75C9B61DD1BAF300D29594 /* LaunchScreen.storyboard */,
				9A75C9B81DD1BAF300D29594 /* Main.storyboard */,
				9A75C9861DD1B14200D29594 /* Supporting Files */,
			);
			name = AssistiveTouchDemo;
			path = LevitateButton;
			sourceTree = "<group>";
		};
		9A75C9861DD1B14200D29594 /* Supporting Files */ = {
			isa = PBXGroup;
			children = (
				9A75C9A61DD1BA5A00D29594 /* main.m */,
			);
			name = "Supporting Files";
			sourceTree = "<group>";
		};
/* End PBXGroup section */

/* Begin PBXNativeTarget section */
		9A75C9821DD1B14200D29594 /* AssistiveTouchDemo */ = {
			isa = PBXNativeTarget;
			buildConfigurationList = 9A75C99A1DD1B14200D29594 /* Build configuration list for PBXNativeTarget "AssistiveTouchDemo" */;
			buildPhases = (
				9A75C97F1DD1B14200D29594 /* Sources */,
				9A75C9801DD1B14200D29594 /* Frameworks */,
				9A75C9811DD1B14200D29594 /* Resources */,
			);
			buildRules = (
			);
			dependencies = (
			);
			name = AssistiveTouchDemo;
			productName = LevitateButton;
			productReference = 9A75C9831DD1B14200D29594 /* AssistiveTouchDemo.app */;
			productType = "com.apple.product-type.application";
		};
/* End PBXNativeTarget section */

/* Begin PBXProject section */
		9A75C97B1DD1B14200D29594 /* Project object */ = {
			isa = PBXProject;
			attributes = {
				LastUpgradeCheck = 0800;
				ORGANIZATIONNAME = ShaoFeng;
				TargetAttributes = {
					9A75C9821DD1B14200D29594 = {
						CreatedOnToolsVersion = 8.0;
						ProvisioningStyle = Automatic;
					};
				};
			};
			buildConfigurationList = 9A75C97E1DD1B14200D29594 /* Build configuration list for PBXProject "AssistiveTouchDemo" */;
			compatibilityVersion = "Xcode 3.2";
			developmentRegion = English;
			hasScannedForEncodings = 0;
			knownRegions = (
				en,
				Base,
			);
			mainGroup = 9A75C97A1DD1B14200D29594;
			productRefGroup = 9A75C9841DD1B14200D29594 /* Products */;
			projectDirPath = "";
			projectRoot = "";
			targets = (
				9A75C9821DD1B14200D29594 /* AssistiveTouchDemo */,
			);
		};
/* End PBXProject section */

/* Begin PBXResourcesBuildPhase section */
		9A75C9811DD1B14200D29594 /* Resources */ = {
			isa = PBXResourcesBuildPhase;
			buildActionMask = 2147483647;
			files = (
				9A75C9BA1DD1BAF300D29594 /* LaunchScreen.storyboard in Resources */,
				9A75C9AA1DD1BA5A00D29594 /* Assets.xcassets in Resources */,
				9A75C9BF1DD1BB7700D29594 /* Info.plist in Resources */,
				9A75C9BB1DD1BAF300D29594 /* Main.storyboard in Resources */,
			);
			runOnlyForDeploymentPostprocessing = 0;
		};
/* End PBXResourcesBuildPhase section */

/* Begin PBXSourcesBuildPhase section */
		9A75C97F1DD1B14200D29594 /* Sources */ = {
			isa = PBXSourcesBuildPhase;
			buildActionMask = 2147483647;
			files = (
				9A75C9AE1DD1BA5A00D29594 /* ViewController.m in Sources */,
				9A75C9A91DD1BA5A00D29594 /* AppDelegate.m in Sources */,
				9A75C9AD1DD1BA5A00D29594 /* main.m in Sources */,
				9A75C9AB1DD1BA5A00D29594 /* AssistiveTouch.m in Sources */,
			);
			runOnlyForDeploymentPostprocessing = 0;
		};
/* End PBXSourcesBuildPhase section */

/* Begin PBXVariantGroup section */
		9A75C9B61DD1BAF300D29594 /* LaunchScreen.storyboard */ = {
			isa = PBXVariantGroup;
			children = (
				9A75C9B71DD1BAF300D29594 /* Base */,
			);
			name = LaunchScreen.storyboard;
			sourceTree = "<group>";
		};
		9A75C9B81DD1BAF300D29594 /* Main.storyboard */ = {
			isa = PBXVariantGroup;
			children = (
				9A75C9B91DD1BAF300D29594 /* Base */,
			);
			name = Main.storyboard;
			sourceTree = "<group>";
		};
/* End PBXVariantGroup section */

/* Begin XCBuildConfiguration section */
		9A75C9981DD1B14200D29594 /* Debug */ = {
			isa = XCBuildConfiguration;
			buildSettings = {
				ALWAYS_SEARCH_USER_PATHS = NO;
				CLANG_ANALYZER_NONNULL = YES;
				CLANG_CXX_LANGUAGE_STANDARD = "gnu++0x";
				CLANG_CXX_LIBRARY = "libc++";
				CLANG_ENABLE_MODULES = YES;
				CLANG_ENABLE_OBJC_ARC = YES;
				CLANG_WARN_BOOL_CONVERSION = YES;
				CLANG_WARN_CONSTANT_CONVERSION = YES;
				CLANG_WARN_DIRECT_OBJC_ISA_USAGE = YES_ERROR;
				CLANG_WARN_DOCUMENTATION_COMMENTS = YES;
				CLANG_WARN_EMPTY_BODY = YES;
				CLANG_WARN_ENUM_CONVERSION = YES;
				CLANG_WARN_INFINITE_RECURSION = YES;
				CLANG_WARN_INT_CONVERSION = YES;
				CLANG_WARN_OBJC_ROOT_CLASS = YES_ERROR;
				CLANG_WARN_SUSPICIOUS_MOVES = YES;
				CLANG_WARN_UNREACHABLE_CODE = YES;
				CLANG_WARN__DUPLICATE_METHOD_MATCH = YES;
				"CODE_SIGN_IDENTITY[sdk=iphoneos*]" = "iPhone Developer";
				COPY_PHASE_STRIP = NO;
				DEBUG_INFORMATION_FORMAT = dwarf;
				ENABLE_STRICT_OBJC_MSGSEND = YES;
				ENABLE_TESTABILITY = YES;
				GCC_C_LANGUAGE_STANDARD = gnu99;
				GCC_DYNAMIC_NO_PIC = NO;
				GCC_NO_COMMON_BLOCKS = YES;
				GCC_OPTIMIZATION_LEVEL = 0;
				GCC_PREPROCESSOR_DEFINITIONS = (
					"DEBUG=1",
					"$(inherited)",
				);
				GCC_WARN_64_TO_32_BIT_CONVERSION = YES;
				GCC_WARN_ABOUT_RETURN_TYPE = YES_ERROR;
				GCC_WARN_UNDECLARED_SELECTOR = YES;
				GCC_WARN_UNINITIALIZED_AUTOS = YES_AGGRESSIVE;
				GCC_WARN_UNUSED_FUNCTION = YES;
				GCC_WARN_UNUSED_VARIABLE = YES;
				IPHONEOS_DEPLOYMENT_TARGET = 10.0;
				MTL_ENABLE_DEBUG_INFO = YES;
				ONLY_ACTIVE_ARCH = YES;
				SDKROOT = iphoneos;
			};
			name = Debug;
		};
		9A75C9991DD1B14200D29594 /* Release */ = {
			isa = XCBuildConfiguration;
			buildSettings = {
				ALWAYS_SEARCH_USER_PATHS = NO;
				CLANG_ANALYZER_NONNULL = YES;
				CLANG_CXX_LANGUAGE_STANDARD = "gnu++0x";
				CLANG_CXX_LIBRARY = "libc++";
				CLANG_ENABLE_MODULES = YES;
				CLANG_ENABLE_OBJC_ARC = YES;
				CLANG_WARN_BOOL_CONVERSION = YES;
				CLANG_WARN_CONSTANT_CONVERSION = YES;
				CLANG_WARN_DIRECT_OBJC_ISA_USAGE = YES_ERROR;
				CLANG_WARN_DOCUMENTATION_COMMENTS = YES;
				CLANG_WARN_EMPTY_BODY = YES;
				CLANG_WARN_ENUM_CONVERSION = YES;
				CLANG_WARN_INFINITE_RECURSION = YES;
				CLANG_WARN_INT_CONVERSION = YES;
				CLANG_WARN_OBJC_ROOT_CLASS = YES_ERROR;
				CLANG_WARN_SUSPICIOUS_MOVES = YES;
				CLANG_WARN_UNREACHABLE_CODE = YES;
				CLANG_WARN__DUPLICATE_METHOD_MATCH = YES;
				"CODE_SIGN_IDENTITY[sdk=iphoneos*]" = "iPhone Developer";
				COPY_PHASE_STRIP = NO;
				DEBUG_INFORMATION_FORMAT = "dwarf-with-dsym";
				ENABLE_NS_ASSERTIONS = NO;
				ENABLE_STRICT_OBJC_MSGSEND = YES;
				GCC_C_LANGUAGE_STANDARD = gnu99;
				GCC_NO_COMMON_BLOCKS = YES;
				GCC_WARN_64_TO_32_BIT_CONVERSION = YES;
				GCC_WARN_ABOUT_RETURN_TYPE = YES_ERROR;
				GCC_WARN_UNDECLARED_SELECTOR = YES;
				GCC_WARN_UNINITIALIZED_AUTOS = YES_AGGRESSIVE;
				GCC_WARN_UNUSED_FUNCTION = YES;
				GCC_WARN_UNUSED_VARIABLE = YES;
				IPHONEOS_DEPLOYMENT_TARGET = 10.0;
				MTL_ENABLE_DEBUG_INFO = NO;
				SDKROOT = iphoneos;
				VALIDATE_PRODUCT = YES;
			};
			name = Release;
		};
		9A75C99B1DD1B14200D29594 /* Debug */ = {
			isa = XCBuildConfiguration;
			buildSettings = {
				ASSETCATALOG_COMPILER_APPICON_NAME = AppIcon;
				INFOPLIST_FILE = AssistiveTouchDemo/Info.plist;
				IPHONEOS_DEPLOYMENT_TARGET = 9.0;
				LD_RUNPATH_SEARCH_PATHS = "$(inherited) @executable_path/Frameworks";
				PRODUCT_BUNDLE_IDENTIFIER = cocav.AssistiveTouchDemo;
				PRODUCT_NAME = "$(TARGET_NAME)";
			};
			name = Debug;
		};
		9A75C99C1DD1B14200D29594 /* Release */ = {
			isa = XCBuildConfiguration;
			buildSettings = {
				ASSETCATALOG_COMPILER_APPICON_NAME = AppIcon;
				INFOPLIST_FILE = AssistiveTouchDemo/Info.plist;
				IPHONEOS_DEPLOYMENT_TARGET = 9.0;
				LD_RUNPATH_SEARCH_PATHS = "$(inherited) @executable_path/Frameworks";
				PRODUCT_BUNDLE_IDENTIFIER = cocav.AssistiveTouchDemo;
				PRODUCT_NAME = "$(TARGET_NAME)";
			};
			name = Release;
		};
/* End XCBuildConfiguration section */

/* Begin XCConfigurationList section */
		9A75C97E1DD1B14200D29594 /* Build configuration list for PBXProject "AssistiveTouchDemo" */ = {
			isa = XCConfigurationList;
			buildConfigurations = (
				9A75C9981DD1B14200D29594 /* Debug */,
				9A75C9991DD1B14200D29594 /* Release */,
			);
			defaultConfigurationIsVisible = 0;
			defaultConfigurationName = Release;
		};
		9A75C99A1DD1B14200D29594 /* Build configuration list for PBXNativeTarget "AssistiveTouchDemo" */ = {
			isa = XCConfigurationList;
			buildConfigurations = (
				9A75C99B1DD1B14200D29594 /* Debug */,
				9A75C99C1DD1B14200D29594 /* Release */,
			);
			defaultConfigurationIsVisible = 0;
			defaultConfigurationName = Release;
		};
/* End XCConfigurationList section */
	};
	rootObject = 9A75C97B1DD1B14200D29594 /* Project object */;
}
