// !$*UTF8*$!
{
	archiveVersion = 1;
	classes = {
	};
	objectVersion = 46;
	objects = {

/* Begin PBXBuildFile section */
		9AE5B0611D51F82F00FC6ADA /* main.m in Sources */ = {isa = PBXBuildFile; fileRef = 9AE5B0601D51F82F00FC6ADA /* main.m */; };
		9AE5B0641D51F82F00FC6ADA /* AppDelegate.m in Sources */ = {isa = PBXBuildFile; fileRef = 9AE5B0631D51F82F00FC6ADA /* AppDelegate.m */; };
		9AE5B0671D51F82F00FC6ADA /* ViewController.m in Sources */ = {isa = PBXBuildFile; fileRef = 9AE5B0661D51F82F00FC6ADA /* ViewController.m */; };
		9AE5B06A1D51F82F00FC6ADA /* Main.storyboard in Resources */ = {isa = PBXBuildFile; fileRef = 9AE5B0681D51F82F00FC6ADA /* Main.storyboard */; };
		9AE5B06C1D51F82F00FC6ADA /* Assets.xcassets in Resources */ = {isa = PBXBuildFile; fileRef = 9AE5B06B1D51F82F00FC6ADA /* Assets.xcassets */; };
		9AE5B06F1D51F82F00FC6ADA /* LaunchScreen.storyboard in Resources */ = {isa = PBXBuildFile; fileRef = 9AE5B06D1D51F82F00FC6ADA /* LaunchScreen.storyboard */; };
/* End PBXBuildFile section */

/* Begin PBXFileReference section */
		9AE5B05C1D51F82F00FC6ADA /* HeaderZoom.app */ = {isa = PBXFileReference; explicitFileType = wrapper.application; includeInIndex = 0; path = HeaderZoom.app; sourceTree = BUILT_PRODUCTS_DIR; };
		9AE5B0601D51F82F00FC6ADA /* main.m */ = {isa = PBXFileReference; lastKnownFileType = sourcecode.c.objc; path = main.m; sourceTree = "<group>"; };
		9AE5B0621D51F82F00FC6ADA /* AppDelegate.h */ = {isa = PBXFileReference; lastKnownFileType = sourcecode.c.h; path = AppDelegate.h; sourceTree = "<group>"; };
		9AE5B0631D51F82F00FC6ADA /* AppDelegate.m */ = {isa = PBXFileReference; lastKnownFileType = sourcecode.c.objc; path = AppDelegate.m; sourceTree = "<group>"; };
		9AE5B0651D51F82F00FC6ADA /* ViewController.h */ = {isa = PBXFileReference; lastKnownFileType = sourcecode.c.h; path = ViewController.h; sourceTree = "<group>"; };
		9AE5B0661D51F82F00FC6ADA /* ViewController.m */ = {isa = PBXFileReference; lastKnownFileType = sourcecode.c.objc; path = ViewController.m; sourceTree = "<group>"; };
		9AE5B0691D51F82F00FC6ADA /* Base */ = {isa = PBXFileReference; lastKnownFileType = file.storyboard; name = Base; path = Base.lproj/Main.storyboard; sourceTree = "<group>"; };
		9AE5B06B1D51F82F00FC6ADA /* Assets.xcassets */ = {isa = PBXFileReference; lastKnownFileType = folder.assetcatalog; path = Assets.xcassets; sourceTree = "<group>"; };
		9AE5B06E1D51F82F00FC6ADA /* Base */ = {isa = PBXFileReference; lastKnownFileType = file.storyboard; name = Base; path = Base.lproj/LaunchScreen.storyboard; sourceTree = "<group>"; };
		9AE5B0701D51F82F00FC6ADA /* Info.plist */ = {isa = PBXFileReference; lastKnownFileType = text.plist.xml; path = Info.plist; sourceTree = "<group>"; };
/* End PBXFileReference section */

/* Begin PBXFrameworksBuildPhase section */
		9AE5B0591D51F82F00FC6ADA /* Frameworks */ = {
			isa = PBXFrameworksBuildPhase;
			buildActionMask = 2147483647;
			files = (
			);
			runOnlyForDeploymentPostprocessing = 0;
		};
/* End PBXFrameworksBuildPhase section */

/* Begin PBXGroup section */
		9AE5B0531D51F82F00FC6ADA = {
			isa = PBXGroup;
			children = (
				9AE5B05E1D51F82F00FC6ADA /* HeaderZoom */,
				9AE5B05D1D51F82F00FC6ADA /* Products */,
			);
			sourceTree = "<group>";
		};
		9AE5B05D1D51F82F00FC6ADA /* Products */ = {
			isa = PBXGroup;
			children = (
				9AE5B05C1D51F82F00FC6ADA /* HeaderZoom.app */,
			);
			name = Products;
			sourceTree = "<group>";
		};
		9AE5B05E1D51F82F00FC6ADA /* HeaderZoom */ = {
			isa = PBXGroup;
			children = (
				9AE5B0621D51F82F00FC6ADA /* AppDelegate.h */,
				9AE5B0631D51F82F00FC6ADA /* AppDelegate.m */,
				9AE5B0651D51F82F00FC6ADA /* ViewController.h */,
				9AE5B0661D51F82F00FC6ADA /* ViewController.m */,
				9AE5B0681D51F82F00FC6ADA /* Main.storyboard */,
				9AE5B06B1D51F82F00FC6ADA /* Assets.xcassets */,
				9AE5B06D1D51F82F00FC6ADA /* LaunchScreen.storyboard */,
				9AE5B0701D51F82F00FC6ADA /* Info.plist */,
				9AE5B05F1D51F82F00FC6ADA /* Supporting Files */,
			);
			path = HeaderZoom;
			sourceTree = "<group>";
		};
		9AE5B05F1D51F82F00FC6ADA /* Supporting Files */ = {
			isa = PBXGroup;
			children = (
				9AE5B0601D51F82F00FC6ADA /* main.m */,
			);
			name = "Supporting Files";
			sourceTree = "<group>";
		};
/* End PBXGroup section */

/* Begin PBXNativeTarget section */
		9AE5B05B1D51F82F00FC6ADA /* HeaderZoom */ = {
			isa = PBXNativeTarget;
			buildConfigurationList = 9AE5B0731D51F82F00FC6ADA /* Build configuration list for PBXNativeTarget "HeaderZoom" */;
			buildPhases = (
				9AE5B0581D51F82F00FC6ADA /* Sources */,
				9AE5B0591D51F82F00FC6ADA /* Frameworks */,
				9AE5B05A1D51F82F00FC6ADA /* Resources */,
			);
			buildRules = (
			);
			dependencies = (
			);
			name = HeaderZoom;
			productName = HeaderZoom;
			productReference = 9AE5B05C1D51F82F00FC6ADA /* HeaderZoom.app */;
			productType = "com.apple.product-type.application";
		};
/* End PBXNativeTarget section */

/* Begin PBXProject section */
		9AE5B0541D51F82F00FC6ADA /* Project object */ = {
			isa = PBXProject;
			attributes = {
				LastUpgradeCheck = 0730;
				ORGANIZATIONNAME = Cocav;
				TargetAttributes = {
					9AE5B05B1D51F82F00FC6ADA = {
						CreatedOnToolsVersion = 7.3.1;
					};
				};
			};
			buildConfigurationList = 9AE5B0571D51F82F00FC6ADA /* Build configuration list for PBXProject "HeaderZoom" */;
			compatibilityVersion = "Xcode 3.2";
			developmentRegion = English;
			hasScannedForEncodings = 0;
			knownRegions = (
				en,
				Base,
			);
			mainGroup = 9AE5B0531D51F82F00FC6ADA;
			productRefGroup = 9AE5B05D1D51F82F00FC6ADA /* Products */;
			projectDirPath = "";
			projectRoot = "";
			targets = (
				9AE5B05B1D51F82F00FC6ADA /* HeaderZoom */,
			);
		};
/* End PBXProject section */

/* Begin PBXResourcesBuildPhase section */
		9AE5B05A1D51F82F00FC6ADA /* Resources */ = {
			isa = PBXResourcesBuildPhase;
			buildActionMask = 2147483647;
			files = (
				9AE5B06F1D51F82F00FC6ADA /* LaunchScreen.storyboard in Resources */,
				9AE5B06C1D51F82F00FC6ADA /* Assets.xcassets in Resources */,
				9AE5B06A1D51F82F00FC6ADA /* Main.storyboard in Resources */,
			);
			runOnlyForDeploymentPostprocessing = 0;
		};
/* End PBXResourcesBuildPhase section */

/* Begin PBXSourcesBuildPhase section */
		9AE5B0581D51F82F00FC6ADA /* Sources */ = {
			isa = PBXSourcesBuildPhase;
			buildActionMask = 2147483647;
			files = (
				9AE5B0671D51F82F00FC6ADA /* ViewController.m in Sources */,
				9AE5B0641D51F82F00FC6ADA /* AppDelegate.m in Sources */,
				9AE5B0611D51F82F00FC6ADA /* main.m in Sources */,
			);
			runOnlyForDeploymentPostprocessing = 0;
		};
/* End PBXSourcesBuildPhase section */

/* Begin PBXVariantGroup section */
		9AE5B0681D51F82F00FC6ADA /* Main.storyboard */ = {
			isa = PBXVariantGroup;
			children = (
				9AE5B0691D51F82F00FC6ADA /* Base */,
			);
			name = Main.storyboard;
			sourceTree = "<group>";
		};
		9AE5B06D1D51F82F00FC6ADA /* LaunchScreen.storyboard */ = {
			isa = PBXVariantGroup;
			children = (
				9AE5B06E1D51F82F00FC6ADA /* Base */,
			);
			name = LaunchScreen.storyboard;
			sourceTree = "<group>";
		};
/* End PBXVariantGroup section */

/* Begin XCBuildConfiguration section */
		9AE5B0711D51F82F00FC6ADA /* Debug */ = {
			isa = XCBuildConfiguration;
			buildSettings = {
				ALWAYS_SEARCH_USER_PATHS = NO;
				CLANG_ANALYZER_NONNULL = YES;
				CLANG_CXX_LANGUAGE_STANDARD = "gnu++0x";
				CLANG_CXX_LIBRARY = "libc++";
				CLANG_ENABLE_MODULES = YES;
				CLANG_ENABLE_OBJC_ARC = YES;
				CLANG_WARN_BOOL_CONVERSION = YES;
				CLANG_WARN_CONSTANT_CONVERSION = YES;
				CLANG_WARN_DIRECT_OBJC_ISA_USAGE = YES_ERROR;
				CLANG_WARN_EMPTY_BODY = YES;
				CLANG_WARN_ENUM_CONVERSION = YES;
				CLANG_WARN_INT_CONVERSION = YES;
				CLANG_WARN_OBJC_ROOT_CLASS = YES_ERROR;
				CLANG_WARN_UNREACHABLE_CODE = YES;
				CLANG_WARN__DUPLICATE_METHOD_MATCH = YES;
				"CODE_SIGN_IDENTITY[sdk=iphoneos*]" = "iPhone Developer";
				COPY_PHASE_STRIP = NO;
				DEBUG_INFORMATION_FORMAT = dwarf;
				ENABLE_STRICT_OBJC_MSGSEND = YES;
				ENABLE_TESTABILITY = YES;
				GCC_C_LANGUAGE_STANDARD = gnu99;
				GCC_DYNAMIC_NO_PIC = NO;
				GCC_NO_COMMON_BLOCKS = YES;
				GCC_OPTIMIZATION_LEVEL = 0;
				GCC_PREPROCESSOR_DEFINITIONS = (
					"DEBUG=1",
					"$(inherited)",
				);
				GCC_WARN_64_TO_32_BIT_CONVERSION = YES;
				GCC_WARN_ABOUT_RETURN_TYPE = YES_ERROR;
				GCC_WARN_UNDECLARED_SELECTOR = YES;
				GCC_WARN_UNINITIALIZED_AUTOS = YES_AGGRESSIVE;
				GCC_WARN_UNUSED_FUNCTION = YES;
				GCC_WARN_UNUSED_VARIABLE = YES;
				IPHONEOS_DEPLOYMENT_TARGET = 9.3;
				MTL_ENABLE_DEBUG_INFO = YES;
				ONLY_ACTIVE_ARCH = YES;
				SDKROOT = iphoneos;
			};
			name = Debug;
		};
		9AE5B0721D51F82F00FC6ADA /* Release */ = {
			isa = XCBuildConfiguration;
			buildSettings = {
				ALWAYS_SEARCH_USER_PATHS = NO;
				CLANG_ANALYZER_NONNULL = YES;
				CLANG_CXX_LANGUAGE_STANDARD = "gnu++0x";
				CLANG_CXX_LIBRARY = "libc++";
				CLANG_ENABLE_MODULES = YES;
				CLANG_ENABLE_OBJC_ARC = YES;
				CLANG_WARN_BOOL_CONVERSION = YES;
				CLANG_WARN_CONSTANT_CONVERSION = YES;
				CLANG_WARN_DIRECT_OBJC_ISA_USAGE = YES_ERROR;
				CLANG_WARN_EMPTY_BODY = YES;
				CLANG_WARN_ENUM_CONVERSION = YES;
				CLANG_WARN_INT_CONVERSION = YES;
				CLANG_WARN_OBJC_ROOT_CLASS = YES_ERROR;
				CLANG_WARN_UNREACHABLE_CODE = YES;
				CLANG_WARN__DUPLICATE_METHOD_MATCH = YES;
				"CODE_SIGN_IDENTITY[sdk=iphoneos*]" = "iPhone Developer";
				COPY_PHASE_STRIP = NO;
				DEBUG_INFORMATION_FORMAT = "dwarf-with-dsym";
				ENABLE_NS_ASSERTIONS = NO;
				ENABLE_STRICT_OBJC_MSGSEND = YES;
				GCC_C_LANGUAGE_STANDARD = gnu99;
				GCC_NO_COMMON_BLOCKS = YES;
				GCC_WARN_64_TO_32_BIT_CONVERSION = YES;
				GCC_WARN_ABOUT_RETURN_TYPE = YES_ERROR;
				GCC_WARN_UNDECLARED_SELECTOR = YES;
				GCC_WARN_UNINITIALIZED_AUTOS = YES_AGGRESSIVE;
				GCC_WARN_UNUSED_FUNCTION = YES;
				GCC_WARN_UNUSED_VARIABLE = YES;
				IPHONEOS_DEPLOYMENT_TARGET = 9.3;
				MTL_ENABLE_DEBUG_INFO = NO;
				SDKROOT = iphoneos;
				VALIDATE_PRODUCT = YES;
			};
			name = Release;
		};
		9AE5B0741D51F82F00FC6ADA /* Debug */ = {
			isa = XCBuildConfiguration;
			buildSettings = {
				ASSETCATALOG_COMPILER_APPICON_NAME = AppIcon;
				INFOPLIST_FILE = HeaderZoom/Info.plist;
				LD_RUNPATH_SEARCH_PATHS = "$(inherited) @executable_path/Frameworks";
				PRODUCT_BUNDLE_IDENTIFIER = com.cocav.HeaderZoom;
				PRODUCT_NAME = "$(TARGET_NAME)";
			};
			name = Debug;
		};
		9AE5B0751D51F82F00FC6ADA /* Release */ = {
			isa = XCBuildConfiguration;
			buildSettings = {
				ASSETCATALOG_COMPILER_APPICON_NAME = AppIcon;
				INFOPLIST_FILE = HeaderZoom/Info.plist;
				LD_RUNPATH_SEARCH_PATHS = "$(inherited) @executable_path/Frameworks";
				PRODUCT_BUNDLE_IDENTIFIER = com.cocav.HeaderZoom;
				PRODUCT_NAME = "$(TARGET_NAME)";
			};
			name = Release;
		};
/* End XCBuildConfiguration section */

/* Begin XCConfigurationList section */
		9AE5B0571D51F82F00FC6ADA /* Build configuration list for PBXProject "HeaderZoom" */ = {
			isa = XCConfigurationList;
			buildConfigurations = (
				9AE5B0711D51F82F00FC6ADA /* Debug */,
				9AE5B0721D51F82F00FC6ADA /* Release */,
			);
			defaultConfigurationIsVisible = 0;
			defaultConfigurationName = Release;
		};
		9AE5B0731D51F82F00FC6ADA /* Build configuration list for PBXNativeTarget "HeaderZoom" */ = {
			isa = XCConfigurationList;
			buildConfigurations = (
				9AE5B0741D51F82F00FC6ADA /* Debug */,
				9AE5B0751D51F82F00FC6ADA /* Release */,
			);
			defaultConfigurationIsVisible = 0;
		};
/* End XCConfigurationList section */
	};
	rootObject = 9AE5B0541D51F82F00FC6ADA /* Project object */;
}
