// !$*UTF8*$!
{
	archiveVersion = 1;
	classes = {
	};
	objectVersion = 46;
	objects = {

/* Begin PBXBuildFile section */
		9A18931D1D4AF51A00F34515 /* main.m in Sources */ = {isa = PBXBuildFile; fileRef = 9A18931C1D4AF51A00F34515 /* main.m */; };
		9A1893201D4AF51A00F34515 /* AppDelegate.m in Sources */ = {isa = PBXBuildFile; fileRef = 9A18931F1D4AF51A00F34515 /* AppDelegate.m */; };
		9A1893231D4AF51A00F34515 /* ViewController.m in Sources */ = {isa = PBXBuildFile; fileRef = 9A1893221D4AF51A00F34515 /* ViewController.m */; };
		9A1893261D4AF51A00F34515 /* Main.storyboard in Resources */ = {isa = PBXBuildFile; fileRef = 9A1893241D4AF51A00F34515 /* Main.storyboard */; };
		9A1893281D4AF51A00F34515 /* Assets.xcassets in Resources */ = {isa = PBXBuildFile; fileRef = 9A1893271D4AF51A00F34515 /* Assets.xcassets */; };
		9A18932B1D4AF51A00F34515 /* LaunchScreen.storyboard in Resources */ = {isa = PBXBuildFile; fileRef = 9A1893291D4AF51A00F34515 /* LaunchScreen.storyboard */; };
		9A1893351D4AFAAE00F34515 /* CellModel.m in Sources */ = {isa = PBXBuildFile; fileRef = 9A1893341D4AFAAE00F34515 /* CellModel.m */; };
		9A1893381D4AFAB900F34515 /* SectionModel.m in Sources */ = {isa = PBXBuildFile; fileRef = 9A1893371D4AFAB900F34515 /* SectionModel.m */; };
		9A1893461D4B300B00F34515 /* HeaderView.m in Sources */ = {isa = PBXBuildFile; fileRef = 9A1893431D4B300B00F34515 /* HeaderView.m */; };
		9A1893471D4B300B00F34515 /* TableViewCell.m in Sources */ = {isa = PBXBuildFile; fileRef = 9A1893451D4B300B00F34515 /* TableViewCell.m */; };
/* End PBXBuildFile section */

/* Begin PBXFileReference section */
		9A1893181D4AF51A00F34515 /* FoldTableView.app */ = {isa = PBXFileReference; explicitFileType = wrapper.application; includeInIndex = 0; path = FoldTableView.app; sourceTree = BUILT_PRODUCTS_DIR; };
		9A18931C1D4AF51A00F34515 /* main.m */ = {isa = PBXFileReference; lastKnownFileType = sourcecode.c.objc; path = main.m; sourceTree = "<group>"; };
		9A18931E1D4AF51A00F34515 /* AppDelegate.h */ = {isa = PBXFileReference; lastKnownFileType = sourcecode.c.h; path = AppDelegate.h; sourceTree = "<group>"; };
		9A18931F1D4AF51A00F34515 /* AppDelegate.m */ = {isa = PBXFileReference; lastKnownFileType = sourcecode.c.objc; path = AppDelegate.m; sourceTree = "<group>"; };
		9A1893211D4AF51A00F34515 /* ViewController.h */ = {isa = PBXFileReference; lastKnownFileType = sourcecode.c.h; path = ViewController.h; sourceTree = "<group>"; };
		9A1893221D4AF51A00F34515 /* ViewController.m */ = {isa = PBXFileReference; lastKnownFileType = sourcecode.c.objc; path = ViewController.m; sourceTree = "<group>"; };
		9A1893251D4AF51A00F34515 /* Base */ = {isa = PBXFileReference; lastKnownFileType = file.storyboard; name = Base; path = Base.lproj/Main.storyboard; sourceTree = "<group>"; };
		9A1893271D4AF51A00F34515 /* Assets.xcassets */ = {isa = PBXFileReference; lastKnownFileType = folder.assetcatalog; path = Assets.xcassets; sourceTree = "<group>"; };
		9A18932A1D4AF51A00F34515 /* Base */ = {isa = PBXFileReference; lastKnownFileType = file.storyboard; name = Base; path = Base.lproj/LaunchScreen.storyboard; sourceTree = "<group>"; };
		9A18932C1D4AF51A00F34515 /* Info.plist */ = {isa = PBXFileReference; lastKnownFileType = text.plist.xml; path = Info.plist; sourceTree = "<group>"; };
		9A1893331D4AFAAE00F34515 /* CellModel.h */ = {isa = PBXFileReference; fileEncoding = 4; lastKnownFileType = sourcecode.c.h; path = CellModel.h; sourceTree = "<group>"; };
		9A1893341D4AFAAE00F34515 /* CellModel.m */ = {isa = PBXFileReference; fileEncoding = 4; lastKnownFileType = sourcecode.c.objc; path = CellModel.m; sourceTree = "<group>"; };
		9A1893361D4AFAB900F34515 /* SectionModel.h */ = {isa = PBXFileReference; fileEncoding = 4; lastKnownFileType = sourcecode.c.h; path = SectionModel.h; sourceTree = "<group>"; };
		9A1893371D4AFAB900F34515 /* SectionModel.m */ = {isa = PBXFileReference; fileEncoding = 4; lastKnownFileType = sourcecode.c.objc; path = SectionModel.m; sourceTree = "<group>"; };
		9A1893421D4B300B00F34515 /* HeaderView.h */ = {isa = PBXFileReference; fileEncoding = 4; lastKnownFileType = sourcecode.c.h; path = HeaderView.h; sourceTree = "<group>"; };
		9A1893431D4B300B00F34515 /* HeaderView.m */ = {isa = PBXFileReference; fileEncoding = 4; lastKnownFileType = sourcecode.c.objc; path = HeaderView.m; sourceTree = "<group>"; };
		9A1893441D4B300B00F34515 /* TableViewCell.h */ = {isa = PBXFileReference; fileEncoding = 4; lastKnownFileType = sourcecode.c.h; path = TableViewCell.h; sourceTree = "<group>"; };
		9A1893451D4B300B00F34515 /* TableViewCell.m */ = {isa = PBXFileReference; fileEncoding = 4; lastKnownFileType = sourcecode.c.objc; path = TableViewCell.m; sourceTree = "<group>"; };
/* End PBXFileReference section */

/* Begin PBXFrameworksBuildPhase section */
		9A1893151D4AF51A00F34515 /* Frameworks */ = {
			isa = PBXFrameworksBuildPhase;
			buildActionMask = 2147483647;
			files = (
			);
			runOnlyForDeploymentPostprocessing = 0;
		};
/* End PBXFrameworksBuildPhase section */

/* Begin PBXGroup section */
		9A18930F1D4AF51A00F34515 = {
			isa = PBXGroup;
			children = (
				9A18931A1D4AF51A00F34515 /* FoldTableView */,
				9A1893191D4AF51A00F34515 /* Products */,
			);
			sourceTree = "<group>";
		};
		9A1893191D4AF51A00F34515 /* Products */ = {
			isa = PBXGroup;
			children = (
				9A1893181D4AF51A00F34515 /* FoldTableView.app */,
			);
			name = Products;
			sourceTree = "<group>";
		};
		9A18931A1D4AF51A00F34515 /* FoldTableView */ = {
			isa = PBXGroup;
			children = (
				9A1893411D4B300B00F34515 /* Views */,
				9A1893321D4AFA9D00F34515 /* Models */,
				9A18931E1D4AF51A00F34515 /* AppDelegate.h */,
				9A18931F1D4AF51A00F34515 /* AppDelegate.m */,
				9A1893211D4AF51A00F34515 /* ViewController.h */,
				9A1893221D4AF51A00F34515 /* ViewController.m */,
				9A1893241D4AF51A00F34515 /* Main.storyboard */,
				9A1893271D4AF51A00F34515 /* Assets.xcassets */,
				9A1893291D4AF51A00F34515 /* LaunchScreen.storyboard */,
				9A18932C1D4AF51A00F34515 /* Info.plist */,
				9A18931B1D4AF51A00F34515 /* Supporting Files */,
			);
			path = FoldTableView;
			sourceTree = "<group>";
		};
		9A18931B1D4AF51A00F34515 /* Supporting Files */ = {
			isa = PBXGroup;
			children = (
				9A18931C1D4AF51A00F34515 /* main.m */,
			);
			name = "Supporting Files";
			sourceTree = "<group>";
		};
		9A1893321D4AFA9D00F34515 /* Models */ = {
			isa = PBXGroup;
			children = (
				9A1893331D4AFAAE00F34515 /* CellModel.h */,
				9A1893341D4AFAAE00F34515 /* CellModel.m */,
				9A1893361D4AFAB900F34515 /* SectionModel.h */,
				9A1893371D4AFAB900F34515 /* SectionModel.m */,
			);
			path = Models;
			sourceTree = "<group>";
		};
		9A1893411D4B300B00F34515 /* Views */ = {
			isa = PBXGroup;
			children = (
				9A1893421D4B300B00F34515 /* HeaderView.h */,
				9A1893431D4B300B00F34515 /* HeaderView.m */,
				9A1893441D4B300B00F34515 /* TableViewCell.h */,
				9A1893451D4B300B00F34515 /* TableViewCell.m */,
			);
			path = Views;
			sourceTree = "<group>";
		};
/* End PBXGroup section */

/* Begin PBXNativeTarget section */
		9A1893171D4AF51A00F34515 /* FoldTableView */ = {
			isa = PBXNativeTarget;
			buildConfigurationList = 9A18932F1D4AF51A00F34515 /* Build configuration list for PBXNativeTarget "FoldTableView" */;
			buildPhases = (
				9A1893141D4AF51A00F34515 /* Sources */,
				9A1893151D4AF51A00F34515 /* Frameworks */,
				9A1893161D4AF51A00F34515 /* Resources */,
			);
			buildRules = (
			);
			dependencies = (
			);
			name = FoldTableView;
			productName = FoldTableView;
			productReference = 9A1893181D4AF51A00F34515 /* FoldTableView.app */;
			productType = "com.apple.product-type.application";
		};
/* End PBXNativeTarget section */

/* Begin PBXProject section */
		9A1893101D4AF51A00F34515 /* Project object */ = {
			isa = PBXProject;
			attributes = {
				LastUpgradeCheck = 0730;
				ORGANIZATIONNAME = Cocav;
				TargetAttributes = {
					9A1893171D4AF51A00F34515 = {
						CreatedOnToolsVersion = 7.3.1;
					};
				};
			};
			buildConfigurationList = 9A1893131D4AF51A00F34515 /* Build configuration list for PBXProject "FoldTableView" */;
			compatibilityVersion = "Xcode 3.2";
			developmentRegion = English;
			hasScannedForEncodings = 0;
			knownRegions = (
				en,
				Base,
			);
			mainGroup = 9A18930F1D4AF51A00F34515;
			productRefGroup = 9A1893191D4AF51A00F34515 /* Products */;
			projectDirPath = "";
			projectRoot = "";
			targets = (
				9A1893171D4AF51A00F34515 /* FoldTableView */,
			);
		};
/* End PBXProject section */

/* Begin PBXResourcesBuildPhase section */
		9A1893161D4AF51A00F34515 /* Resources */ = {
			isa = PBXResourcesBuildPhase;
			buildActionMask = 2147483647;
			files = (
				9A18932B1D4AF51A00F34515 /* LaunchScreen.storyboard in Resources */,
				9A1893281D4AF51A00F34515 /* Assets.xcassets in Resources */,
				9A1893261D4AF51A00F34515 /* Main.storyboard in Resources */,
			);
			runOnlyForDeploymentPostprocessing = 0;
		};
/* End PBXResourcesBuildPhase section */

/* Begin PBXSourcesBuildPhase section */
		9A1893141D4AF51A00F34515 /* Sources */ = {
			isa = PBXSourcesBuildPhase;
			buildActionMask = 2147483647;
			files = (
				9A1893381D4AFAB900F34515 /* SectionModel.m in Sources */,
				9A1893461D4B300B00F34515 /* HeaderView.m in Sources */,
				9A1893471D4B300B00F34515 /* TableViewCell.m in Sources */,
				9A1893231D4AF51A00F34515 /* ViewController.m in Sources */,
				9A1893201D4AF51A00F34515 /* AppDelegate.m in Sources */,
				9A18931D1D4AF51A00F34515 /* main.m in Sources */,
				9A1893351D4AFAAE00F34515 /* CellModel.m in Sources */,
			);
			runOnlyForDeploymentPostprocessing = 0;
		};
/* End PBXSourcesBuildPhase section */

/* Begin PBXVariantGroup section */
		9A1893241D4AF51A00F34515 /* Main.storyboard */ = {
			isa = PBXVariantGroup;
			children = (
				9A1893251D4AF51A00F34515 /* Base */,
			);
			name = Main.storyboard;
			sourceTree = "<group>";
		};
		9A1893291D4AF51A00F34515 /* LaunchScreen.storyboard */ = {
			isa = PBXVariantGroup;
			children = (
				9A18932A1D4AF51A00F34515 /* Base */,
			);
			name = LaunchScreen.storyboard;
			sourceTree = "<group>";
		};
/* End PBXVariantGroup section */

/* Begin XCBuildConfiguration section */
		9A18932D1D4AF51A00F34515 /* Debug */ = {
			isa = XCBuildConfiguration;
			buildSettings = {
				ALWAYS_SEARCH_USER_PATHS = NO;
				CLANG_ANALYZER_NONNULL = YES;
				CLANG_CXX_LANGUAGE_STANDARD = "gnu++0x";
				CLANG_CXX_LIBRARY = "libc++";
				CLANG_ENABLE_MODULES = YES;
				CLANG_ENABLE_OBJC_ARC = YES;
				CLANG_WARN_BOOL_CONVERSION = YES;
				CLANG_WARN_CONSTANT_CONVERSION = YES;
				CLANG_WARN_DIRECT_OBJC_ISA_USAGE = YES_ERROR;
				CLANG_WARN_EMPTY_BODY = YES;
				CLANG_WARN_ENUM_CONVERSION = YES;
				CLANG_WARN_INT_CONVERSION = YES;
				CLANG_WARN_OBJC_ROOT_CLASS = YES_ERROR;
				CLANG_WARN_UNREACHABLE_CODE = YES;
				CLANG_WARN__DUPLICATE_METHOD_MATCH = YES;
				"CODE_SIGN_IDENTITY[sdk=iphoneos*]" = "iPhone Developer";
				COPY_PHASE_STRIP = NO;
				DEBUG_INFORMATION_FORMAT = dwarf;
				ENABLE_STRICT_OBJC_MSGSEND = YES;
				ENABLE_TESTABILITY = YES;
				GCC_C_LANGUAGE_STANDARD = gnu99;
				GCC_DYNAMIC_NO_PIC = NO;
				GCC_NO_COMMON_BLOCKS = YES;
				GCC_OPTIMIZATION_LEVEL = 0;
				GCC_PREPROCESSOR_DEFINITIONS = (
					"DEBUG=1",
					"$(inherited)",
				);
				GCC_WARN_64_TO_32_BIT_CONVERSION = YES;
				GCC_WARN_ABOUT_RETURN_TYPE = YES_ERROR;
				GCC_WARN_UNDECLARED_SELECTOR = YES;
				GCC_WARN_UNINITIALIZED_AUTOS = YES_AGGRESSIVE;
				GCC_WARN_UNUSED_FUNCTION = YES;
				GCC_WARN_UNUSED_VARIABLE = YES;
				IPHONEOS_DEPLOYMENT_TARGET = 9.3;
				MTL_ENABLE_DEBUG_INFO = YES;
				ONLY_ACTIVE_ARCH = YES;
				SDKROOT = iphoneos;
			};
			name = Debug;
		};
		9A18932E1D4AF51A00F34515 /* Release */ = {
			isa = XCBuildConfiguration;
			buildSettings = {
				ALWAYS_SEARCH_USER_PATHS = NO;
				CLANG_ANALYZER_NONNULL = YES;
				CLANG_CXX_LANGUAGE_STANDARD = "gnu++0x";
				CLANG_CXX_LIBRARY = "libc++";
				CLANG_ENABLE_MODULES = YES;
				CLANG_ENABLE_OBJC_ARC = YES;
				CLANG_WARN_BOOL_CONVERSION = YES;
				CLANG_WARN_CONSTANT_CONVERSION = YES;
				CLANG_WARN_DIRECT_OBJC_ISA_USAGE = YES_ERROR;
				CLANG_WARN_EMPTY_BODY = YES;
				CLANG_WARN_ENUM_CONVERSION = YES;
				CLANG_WARN_INT_CONVERSION = YES;
				CLANG_WARN_OBJC_ROOT_CLASS = YES_ERROR;
				CLANG_WARN_UNREACHABLE_CODE = YES;
				CLANG_WARN__DUPLICATE_METHOD_MATCH = YES;
				"CODE_SIGN_IDENTITY[sdk=iphoneos*]" = "iPhone Developer";
				COPY_PHASE_STRIP = NO;
				DEBUG_INFORMATION_FORMAT = "dwarf-with-dsym";
				ENABLE_NS_ASSERTIONS = NO;
				ENABLE_STRICT_OBJC_MSGSEND = YES;
				GCC_C_LANGUAGE_STANDARD = gnu99;
				GCC_NO_COMMON_BLOCKS = YES;
				GCC_WARN_64_TO_32_BIT_CONVERSION = YES;
				GCC_WARN_ABOUT_RETURN_TYPE = YES_ERROR;
				GCC_WARN_UNDECLARED_SELECTOR = YES;
				GCC_WARN_UNINITIALIZED_AUTOS = YES_AGGRESSIVE;
				GCC_WARN_UNUSED_FUNCTION = YES;
				GCC_WARN_UNUSED_VARIABLE = YES;
				IPHONEOS_DEPLOYMENT_TARGET = 9.3;
				MTL_ENABLE_DEBUG_INFO = NO;
				SDKROOT = iphoneos;
				VALIDATE_PRODUCT = YES;
			};
			name = Release;
		};
		9A1893301D4AF51A00F34515 /* Debug */ = {
			isa = XCBuildConfiguration;
			buildSettings = {
				ASSETCATALOG_COMPILER_APPICON_NAME = AppIcon;
				INFOPLIST_FILE = FoldTableView/Info.plist;
				LD_RUNPATH_SEARCH_PATHS = "$(inherited) @executable_path/Frameworks";
				PRODUCT_BUNDLE_IDENTIFIER = com.cocav.FoldTableView;
				PRODUCT_NAME = "$(TARGET_NAME)";
			};
			name = Debug;
		};
		9A1893311D4AF51A00F34515 /* Release */ = {
			isa = XCBuildConfiguration;
			buildSettings = {
				ASSETCATALOG_COMPILER_APPICON_NAME = AppIcon;
				INFOPLIST_FILE = FoldTableView/Info.plist;
				LD_RUNPATH_SEARCH_PATHS = "$(inherited) @executable_path/Frameworks";
				PRODUCT_BUNDLE_IDENTIFIER = com.cocav.FoldTableView;
				PRODUCT_NAME = "$(TARGET_NAME)";
			};
			name = Release;
		};
/* End XCBuildConfiguration section */

/* Begin XCConfigurationList section */
		9A1893131D4AF51A00F34515 /* Build configuration list for PBXProject "FoldTableView" */ = {
			isa = XCConfigurationList;
			buildConfigurations = (
				9A18932D1D4AF51A00F34515 /* Debug */,
				9A18932E1D4AF51A00F34515 /* Release */,
			);
			defaultConfigurationIsVisible = 0;
			defaultConfigurationName = Release;
		};
		9A18932F1D4AF51A00F34515 /* Build configuration list for PBXNativeTarget "FoldTableView" */ = {
			isa = XCConfigurationList;
			buildConfigurations = (
				9A1893301D4AF51A00F34515 /* Debug */,
				9A1893311D4AF51A00F34515 /* Release */,
			);
			defaultConfigurationIsVisible = 0;
			defaultConfigurationName = Release;
		};
/* End XCConfigurationList section */
	};
	rootObject = 9A1893101D4AF51A00F34515 /* Project object */;
}
