// !$*UTF8*$!
{
	archiveVersion = 1;
	classes = {
	};
	objectVersion = 46;
	objects = {

/* Begin PBXBuildFile section */
		9A75C9881DD1B14200D29594 /* main.m in Sources */ = {isa = PBXBuildFile; fileRef = 9A75C9871DD1B14200D29594 /* main.m */; };
		9A75C98B1DD1B14200D29594 /* AppDelegate.m in Sources */ = {isa = PBXBuildFile; fileRef = 9A75C98A1DD1B14200D29594 /* AppDelegate.m */; };
		9A75C98E1DD1B14200D29594 /* ViewController.m in Sources */ = {isa = PBXBuildFile; fileRef = 9A75C98D1DD1B14200D29594 /* ViewController.m */; };
		9A75C9911DD1B14200D29594 /* Main.storyboard in Resources */ = {isa = PBXBuildFile; fileRef = 9A75C98F1DD1B14200D29594 /* Main.storyboard */; };
		9A75C9931DD1B14200D29594 /* Assets.xcassets in Resources */ = {isa = PBXBuildFile; fileRef = 9A75C9921DD1B14200D29594 /* Assets.xcassets */; };
		9A75C9961DD1B14200D29594 /* LaunchScreen.storyboard in Resources */ = {isa = PBXBuildFile; fileRef = 9A75C9941DD1B14200D29594 /* LaunchScreen.storyboard */; };
/* End PBXBuildFile section */

/* Begin PBXFileReference section */
		9A75C9831DD1B14200D29594 /* AssistiveTouch.app */ = {isa = PBXFileReference; explicitFileType = wrapper.application; includeInIndex = 0; path = AssistiveTouch.app; sourceTree = BUILT_PRODUCTS_DIR; };
		9A75C9871DD1B14200D29594 /* main.m */ = {isa = PBXFileReference; lastKnownFileType = sourcecode.c.objc; path = main.m; sourceTree = "<group>"; };
		9A75C9891DD1B14200D29594 /* AppDelegate.h */ = {isa = PBXFileReference; lastKnownFileType = sourcecode.c.h; path = AppDelegate.h; sourceTree = "<group>"; };
		9A75C98A1DD1B14200D29594 /* AppDelegate.m */ = {isa = PBXFileReference; lastKnownFileType = sourcecode.c.objc; path = AppDelegate.m; sourceTree = "<group>"; };
		9A75C98C1DD1B14200D29594 /* ViewController.h */ = {isa = PBXFileReference; lastKnownFileType = sourcecode.c.h; path = ViewController.h; sourceTree = "<group>"; };
		9A75C98D1DD1B14200D29594 /* ViewController.m */ = {isa = PBXFileReference; lastKnownFileType = sourcecode.c.objc; path = ViewController.m; sourceTree = "<group>"; };
		9A75C9901DD1B14200D29594 /* Base */ = {isa = PBXFileReference; lastKnownFileType = file.storyboard; name = Base; path = Base.lproj/Main.storyboard; sourceTree = "<group>"; };
		9A75C9921DD1B14200D29594 /* Assets.xcassets */ = {isa = PBXFileReference; lastKnownFileType = folder.assetcatalog; path = Assets.xcassets; sourceTree = "<group>"; };
		9A75C9951DD1B14200D29594 /* Base */ = {isa = PBXFileReference; lastKnownFileType = file.storyboard; name = Base; path = Base.lproj/LaunchScreen.storyboard; sourceTree = "<group>"; };
		9A75C9971DD1B14200D29594 /* Info.plist */ = {isa = PBXFileReference; lastKnownFileType = text.plist.xml; path = Info.plist; sourceTree = "<group>"; };
/* End PBXFileReference section */

/* Begin PBXFrameworksBuildPhase section */
		9A75C9801DD1B14200D29594 /* Frameworks */ = {
			isa = PBXFrameworksBuildPhase;
			buildActionMask = 2147483647;
			files = (
			);
			runOnlyForDeploymentPostprocessing = 0;
		};
/* End PBXFrameworksBuildPhase section */

/* Begin PBXGroup section */
		9A75C97A1DD1B14200D29594 = {
			isa = PBXGroup;
			children = (
				9A75C9851DD1B14200D29594 /* AssistiveTouch */,
				9A75C9841DD1B14200D29594 /* Products */,
			);
			sourceTree = "<group>";
		};
		9A75C9841DD1B14200D29594 /* Products */ = {
			isa = PBXGroup;
			children = (
				9A75C9831DD1B14200D29594 /* AssistiveTouch.app */,
			);
			name = Products;
			sourceTree = "<group>";
		};
		9A75C9851DD1B14200D29594 /* AssistiveTouch */ = {
			isa = PBXGroup;
			children = (
				9A75C9891DD1B14200D29594 /* AppDelegate.h */,
				9A75C98A1DD1B14200D29594 /* AppDelegate.m */,
				9A75C98C1DD1B14200D29594 /* ViewController.h */,
				9A75C98D1DD1B14200D29594 /* ViewController.m */,
				9A75C98F1DD1B14200D29594 /* Main.storyboard */,
				9A75C9921DD1B14200D29594 /* Assets.xcassets */,
				9A75C9941DD1B14200D29594 /* LaunchScreen.storyboard */,
				9A75C9971DD1B14200D29594 /* Info.plist */,
				9A75C9861DD1B14200D29594 /* Supporting Files */,
			);
			name = AssistiveTouch;
			path = LevitateButton;
			sourceTree = "<group>";
		};
		9A75C9861DD1B14200D29594 /* Supporting Files */ = {
			isa = PBXGroup;
			children = (
				9A75C9871DD1B14200D29594 /* main.m */,
			);
			name = "Supporting Files";
			sourceTree = "<group>";
		};
/* End PBXGroup section */

/* Begin PBXNativeTarget section */
		9A75C9821DD1B14200D29594 /* AssistiveTouch */ = {
			isa = PBXNativeTarget;
			buildConfigurationList = 9A75C99A1DD1B14200D29594 /* Build configuration list for PBXNativeTarget "AssistiveTouch" */;
			buildPhases = (
				9A75C97F1DD1B14200D29594 /* Sources */,
				9A75C9801DD1B14200D29594 /* Frameworks */,
				9A75C9811DD1B14200D29594 /* Resources */,
			);
			buildRules = (
			);
			dependencies = (
			);
			name = AssistiveTouch;
			productName = LevitateButton;
			productReference = 9A75C9831DD1B14200D29594 /* AssistiveTouch.app */;
			productType = "com.apple.product-type.application";
		};
/* End PBXNativeTarget section */

/* Begin PBXProject section */
		9A75C97B1DD1B14200D29594 /* Project object */ = {
			isa = PBXProject;
			attributes = {
				LastUpgradeCheck = 0800;
				ORGANIZATIONNAME = ShaoFeng;
				TargetAttributes = {
					9A75C9821DD1B14200D29594 = {
						CreatedOnToolsVersion = 8.0;
						ProvisioningStyle = Automatic;
					};
				};
			};
			buildConfigurationList = 9A75C97E1DD1B14200D29594 /* Build configuration list for PBXProject "AssistiveTouch" */;
			compatibilityVersion = "Xcode 3.2";
			developmentRegion = English;
			hasScannedForEncodings = 0;
			knownRegions = (
				en,
				Base,
			);
			mainGroup = 9A75C97A1DD1B14200D29594;
			productRefGroup = 9A75C9841DD1B14200D29594 /* Products */;
			projectDirPath = "";
			projectRoot = "";
			targets = (
				9A75C9821DD1B14200D29594 /* AssistiveTouch */,
			);
		};
/* End PBXProject section */

/* Begin PBXResourcesBuildPhase section */
		9A75C9811DD1B14200D29594 /* Resources */ = {
			isa = PBXResourcesBuildPhase;
			buildActionMask = 2147483647;
			files = (
				9A75C9961DD1B14200D29594 /* LaunchScreen.storyboard in Resources */,
				9A75C9931DD1B14200D29594 /* Assets.xcassets in Resources */,
				9A75C9911DD1B14200D29594 /* Main.storyboard in Resources */,
			);
			runOnlyForDeploymentPostprocessing = 0;
		};
/* End PBXResourcesBuildPhase section */

/* Begin PBXSourcesBuildPhase section */
		9A75C97F1DD1B14200D29594 /* Sources */ = {
			isa = PBXSourcesBuildPhase;
			buildActionMask = 2147483647;
			files = (
				9A75C98E1DD1B14200D29594 /* ViewController.m in Sources */,
				9A75C98B1DD1B14200D29594 /* AppDelegate.m in Sources */,
				9A75C9881DD1B14200D29594 /* main.m in Sources */,
			);
			runOnlyForDeploymentPostprocessing = 0;
		};
/* End PBXSourcesBuildPhase section */

/* Begin PBXVariantGroup section */
		9A75C98F1DD1B14200D29594 /* Main.storyboard */ = {
			isa = PBXVariantGroup;
			children = (
				9A75C9901DD1B14200D29594 /* Base */,
			);
			name = Main.storyboard;
			sourceTree = "<group>";
		};
		9A75C9941DD1B14200D29594 /* LaunchScreen.storyboard */ = {
			isa = PBXVariantGroup;
			children = (
				9A75C9951DD1B14200D29594 /* Base */,
			);
			name = LaunchScreen.storyboard;
			sourceTree = "<group>";
		};
/* End PBXVariantGroup section */

/* Begin XCBuildConfiguration section */
		9A75C9981DD1B14200D29594 /* Debug */ = {
			isa = XCBuildConfiguration;
			buildSettings = {
				ALWAYS_SEARCH_USER_PATHS = NO;
				CLANG_ANALYZER_NONNULL = YES;
				CLANG_CXX_LANGUAGE_STANDARD = "gnu++0x";
				CLANG_CXX_LIBRARY = "libc++";
				CLANG_ENABLE_MODULES = YES;
				CLANG_ENABLE_OBJC_ARC = YES;
				CLANG_WARN_BOOL_CONVERSION = YES;
				CLANG_WARN_CONSTANT_CONVERSION = YES;
				CLANG_WARN_DIRECT_OBJC_ISA_USAGE = YES_ERROR;
				CLANG_WARN_DOCUMENTATION_COMMENTS = YES;
				CLANG_WARN_EMPTY_BODY = YES;
				CLANG_WARN_ENUM_CONVERSION = YES;
				CLANG_WARN_INFINITE_RECURSION = YES;
				CLANG_WARN_INT_CONVERSION = YES;
				CLANG_WARN_OBJC_ROOT_CLASS = YES_ERROR;
				CLANG_WARN_SUSPICIOUS_MOVES = YES;
				CLANG_WARN_UNREACHABLE_CODE = YES;
				CLANG_WARN__DUPLICATE_METHOD_MATCH = YES;
				"CODE_SIGN_IDENTITY[sdk=iphoneos*]" = "iPhone Developer";
				COPY_PHASE_STRIP = NO;
				DEBUG_INFORMATION_FORMAT = dwarf;
				ENABLE_STRICT_OBJC_MSGSEND = YES;
				ENABLE_TESTABILITY = YES;
				GCC_C_LANGUAGE_STANDARD = gnu99;
				GCC_DYNAMIC_NO_PIC = NO;
				GCC_NO_COMMON_BLOCKS = YES;
				GCC_OPTIMIZATION_LEVEL = 0;
				GCC_PREPROCESSOR_DEFINITIONS = (
					"DEBUG=1",
					"$(inherited)",
				);
				GCC_WARN_64_TO_32_BIT_CONVERSION = YES;
				GCC_WARN_ABOUT_RETURN_TYPE = YES_ERROR;
				GCC_WARN_UNDECLARED_SELECTOR = YES;
				GCC_WARN_UNINITIALIZED_AUTOS = YES_AGGRESSIVE;
				GCC_WARN_UNUSED_FUNCTION = YES;
				GCC_WARN_UNUSED_VARIABLE = YES;
				IPHONEOS_DEPLOYMENT_TARGET = 10.0;
				MTL_ENABLE_DEBUG_INFO = YES;
				ONLY_ACTIVE_ARCH = YES;
				SDKROOT = iphoneos;
			};
			name = Debug;
		};
		9A75C9991DD1B14200D29594 /* Release */ = {
			isa = XCBuildConfiguration;
			buildSettings = {
				ALWAYS_SEARCH_USER_PATHS = NO;
				CLANG_ANALYZER_NONNULL = YES;
				CLANG_CXX_LANGUAGE_STANDARD = "gnu++0x";
				CLANG_CXX_LIBRARY = "libc++";
				CLANG_ENABLE_MODULES = YES;
				CLANG_ENABLE_OBJC_ARC = YES;
				CLANG_WARN_BOOL_CONVERSION = YES;
				CLANG_WARN_CONSTANT_CONVERSION = YES;
				CLANG_WARN_DIRECT_OBJC_ISA_USAGE = YES_ERROR;
				CLANG_WARN_DOCUMENTATION_COMMENTS = YES;
				CLANG_WARN_EMPTY_BODY = YES;
				CLANG_WARN_ENUM_CONVERSION = YES;
				CLANG_WARN_INFINITE_RECURSION = YES;
				CLANG_WARN_INT_CONVERSION = YES;
				CLANG_WARN_OBJC_ROOT_CLASS = YES_ERROR;
				CLANG_WARN_SUSPICIOUS_MOVES = YES;
				CLANG_WARN_UNREACHABLE_CODE = YES;
				CLANG_WARN__DUPLICATE_METHOD_MATCH = YES;
				"CODE_SIGN_IDENTITY[sdk=iphoneos*]" = "iPhone Developer";
				COPY_PHASE_STRIP = NO;
				DEBUG_INFORMATION_FORMAT = "dwarf-with-dsym";
				ENABLE_NS_ASSERTIONS = NO;
				ENABLE_STRICT_OBJC_MSGSEND = YES;
				GCC_C_LANGUAGE_STANDARD = gnu99;
				GCC_NO_COMMON_BLOCKS = YES;
				GCC_WARN_64_TO_32_BIT_CONVERSION = YES;
				GCC_WARN_ABOUT_RETURN_TYPE = YES_ERROR;
				GCC_WARN_UNDECLARED_SELECTOR = YES;
				GCC_WARN_UNINITIALIZED_AUTOS = YES_AGGRESSIVE;
				GCC_WARN_UNUSED_FUNCTION = YES;
				GCC_WARN_UNUSED_VARIABLE = YES;
				IPHONEOS_DEPLOYMENT_TARGET = 10.0;
				MTL_ENABLE_DEBUG_INFO = NO;
				SDKROOT = iphoneos;
				VALIDATE_PRODUCT = YES;
			};
			name = Release;
		};
		9A75C99B1DD1B14200D29594 /* Debug */ = {
			isa = XCBuildConfiguration;
			buildSettings = {
				ASSETCATALOG_COMPILER_APPICON_NAME = AppIcon;
				INFOPLIST_FILE = LevitateButton/Info.plist;
				LD_RUNPATH_SEARCH_PATHS = "$(inherited) @executable_path/Frameworks";
				PRODUCT_BUNDLE_IDENTIFIER = cocav.LevitateButton;
				PRODUCT_NAME = "$(TARGET_NAME)";
			};
			name = Debug;
		};
		9A75C99C1DD1B14200D29594 /* Release */ = {
			isa = XCBuildConfiguration;
			buildSettings = {
				ASSETCATALOG_COMPILER_APPICON_NAME = AppIcon;
				INFOPLIST_FILE = LevitateButton/Info.plist;
				LD_RUNPATH_SEARCH_PATHS = "$(inherited) @executable_path/Frameworks";
				PRODUCT_BUNDLE_IDENTIFIER = cocav.LevitateButton;
				PRODUCT_NAME = "$(TARGET_NAME)";
			};
			name = Release;
		};
/* End XCBuildConfiguration section */

/* Begin XCConfigurationList section */
		9A75C97E1DD1B14200D29594 /* Build configuration list for PBXProject "AssistiveTouch" */ = {
			isa = XCConfigurationList;
			buildConfigurations = (
				9A75C9981DD1B14200D29594 /* Debug */,
				9A75C9991DD1B14200D29594 /* Release */,
			);
			defaultConfigurationIsVisible = 0;
			defaultConfigurationName = Release;
		};
		9A75C99A1DD1B14200D29594 /* Build configuration list for PBXNativeTarget "AssistiveTouch" */ = {
			isa = XCConfigurationList;
			buildConfigurations = (
				9A75C99B1DD1B14200D29594 /* Debug */,
				9A75C99C1DD1B14200D29594 /* Release */,
			);
			defaultConfigurationIsVisible = 0;
		};
/* End XCConfigurationList section */
	};
	rootObject = 9A75C97B1DD1B14200D29594 /* Project object */;
}
